PODS:
  - Bolts/Tasks (1.9.1)
  - CDAlertView (0.11.0)
  - Parse (1.19.3):
    - Parse/Core (= 1.19.3)
  - Parse/Core (1.19.3):
    - Bolts/Tasks (= 1.9.1)

DEPENDENCIES:
  - CDAlertView
  - Parse

SPEC REPOS:
  trunk:
    - Bolts
    - CDAlertView
    - Parse

SPEC CHECKSUMS:
  Bolts: 8c1e8aab2f603387b8b9924f57d1d64f43d3ffdc
  CDAlertView: cd6624e857c85ad14560e2cd23d7eb25b983b590
  Parse: 0abb63a0ff6fa34a3f64b81d595a294e2ece143a

PODFILE CHECKSUM: ac56c8f040164112ba2d2330f9693a71905053cc

COCOAPODS: 1.8.4
