// !$*UTF8*$!
{
	archiveVersion = 1;
	classes = {
	};
	objectVersion = 56;
	objects = {

/* Begin PBXBuildFile section */
		5908089328D862C5008E5032 /* AppDelegate.swift in Sources */ = {isa = PBXBuildFile; fileRef = 5908089228D862C5008E5032 /* AppDelegate.swift */; };
		5908089528D862C5008E5032 /* SceneDelegate.swift in Sources */ = {isa = PBXBuildFile; fileRef = 5908089428D862C5008E5032 /* SceneDelegate.swift */; };
		5908089728D862C5008E5032 /* FeedVC.swift in Sources */ = {isa = PBXBuildFile; fileRef = 5908089628D862C5008E5032 /* FeedVC.swift */; };
		5908089A28D862C5008E5032 /* Main.storyboard in Resources */ = {isa = PBXBuildFile; fileRef = 5908089828D862C5008E5032 /* Main.storyboard */; };
		5908089C28D862C7008E5032 /* Assets.xcassets in Resources */ = {isa = PBXBuildFile; fileRef = 5908089B28D862C7008E5032 /* Assets.xcassets */; };
		5908089F28D862C7008E5032 /* LaunchScreen.storyboard in Resources */ = {isa = PBXBuildFile; fileRef = 5908089D28D862C7008E5032 /* LaunchScreen.storyboard */; };
		59990B8228D8AD3200D70E34 /* UploadVC.swift in Sources */ = {isa = PBXBuildFile; fileRef = 59990B8128D8AD3200D70E34 /* UploadVC.swift */; };
		59990B8428D8AE8200D70E34 /* SignInVC.swift in Sources */ = {isa = PBXBuildFile; fileRef = 59990B8328D8AE8200D70E34 /* SignInVC.swift */; };
		F5DF1947D6178CD8205D154A /* Pods_InstagramCloneWithParse.framework in Frameworks */ = {isa = PBXBuildFile; fileRef = 65B433D79AA5260E085F5B94 /* Pods_InstagramCloneWithParse.framework */; };
/* End PBXBuildFile section */

/* Begin PBXFileReference section */
		5908088F28D862C5008E5032 /* InstagramCloneWithParse.app */ = {isa = PBXFileReference; explicitFileType = wrapper.application; includeInIndex = 0; path = InstagramCloneWithParse.app; sourceTree = BUILT_PRODUCTS_DIR; };
		5908089228D862C5008E5032 /* AppDelegate.swift */ = {isa = PBXFileReference; lastKnownFileType = sourcecode.swift; path = AppDelegate.swift; sourceTree = "<group>"; };
		5908089428D862C5008E5032 /* SceneDelegate.swift */ = {isa = PBXFileReference; lastKnownFileType = sourcecode.swift; path = SceneDelegate.swift; sourceTree = "<group>"; };
		5908089628D862C5008E5032 /* FeedVC.swift */ = {isa = PBXFileReference; lastKnownFileType = sourcecode.swift; path = FeedVC.swift; sourceTree = "<group>"; };
		5908089928D862C5008E5032 /* Base */ = {isa = PBXFileReference; lastKnownFileType = file.storyboard; name = Base; path = Base.lproj/Main.storyboard; sourceTree = "<group>"; };
		5908089B28D862C7008E5032 /* Assets.xcassets */ = {isa = PBXFileReference; lastKnownFileType = folder.assetcatalog; path = Assets.xcassets; sourceTree = "<group>"; };
		5908089E28D862C7008E5032 /* Base */ = {isa = PBXFileReference; lastKnownFileType = file.storyboard; name = Base; path = Base.lproj/LaunchScreen.storyboard; sourceTree = "<group>"; };
		590808A028D862C7008E5032 /* Info.plist */ = {isa = PBXFileReference; lastKnownFileType = text.plist.xml; path = Info.plist; sourceTree = "<group>"; };
		59990B8128D8AD3200D70E34 /* UploadVC.swift */ = {isa = PBXFileReference; lastKnownFileType = sourcecode.swift; path = UploadVC.swift; sourceTree = "<group>"; };
		59990B8328D8AE8200D70E34 /* SignInVC.swift */ = {isa = PBXFileReference; lastKnownFileType = sourcecode.swift; path = SignInVC.swift; sourceTree = "<group>"; };
		65B433D79AA5260E085F5B94 /* Pods_InstagramCloneWithParse.framework */ = {isa = PBXFileReference; explicitFileType = wrapper.framework; includeInIndex = 0; path = Pods_InstagramCloneWithParse.framework; sourceTree = BUILT_PRODUCTS_DIR; };
		799F64D9371278F6BFDD803C /* Pods-InstagramCloneWithParse.debug.xcconfig */ = {isa = PBXFileReference; includeInIndex = 1; lastKnownFileType = text.xcconfig; name = "Pods-InstagramCloneWithParse.debug.xcconfig"; path = "Target Support Files/Pods-InstagramCloneWithParse/Pods-InstagramCloneWithParse.debug.xcconfig"; sourceTree = "<group>"; };
		E9BE4B2E0E9990223A449FE2 /* Pods-InstagramCloneWithParse.release.xcconfig */ = {isa = PBXFileReference; includeInIndex = 1; lastKnownFileType = text.xcconfig; name = "Pods-InstagramCloneWithParse.release.xcconfig"; path = "Target Support Files/Pods-InstagramCloneWithParse/Pods-InstagramCloneWithParse.release.xcconfig"; sourceTree = "<group>"; };
/* End PBXFileReference section */

/* Begin PBXFrameworksBuildPhase section */
		5908088C28D862C5008E5032 /* Frameworks */ = {
			isa = PBXFrameworksBuildPhase;
			buildActionMask = 2147483647;
			files = (
				F5DF1947D6178CD8205D154A /* Pods_InstagramCloneWithParse.framework in Frameworks */,
			);
			runOnlyForDeploymentPostprocessing = 0;
		};
/* End PBXFrameworksBuildPhase section */

/* Begin PBXGroup section */
		4BBD68F6F292C7C26BDF33BA /* Pods */ = {
			isa = PBXGroup;
			children = (
				799F64D9371278F6BFDD803C /* Pods-InstagramCloneWithParse.debug.xcconfig */,
				E9BE4B2E0E9990223A449FE2 /* Pods-InstagramCloneWithParse.release.xcconfig */,
			);
			path = Pods;
			sourceTree = "<group>";
		};
		5908088628D862C5008E5032 = {
			isa = PBXGroup;
			children = (
				5908089128D862C5008E5032 /* InstagramCloneWithParse */,
				5908089028D862C5008E5032 /* Products */,
				4BBD68F6F292C7C26BDF33BA /* Pods */,
				EED665A736E2553C5F924D66 /* Frameworks */,
			);
			sourceTree = "<group>";
		};
		5908089028D862C5008E5032 /* Products */ = {
			isa = PBXGroup;
			children = (
				5908088F28D862C5008E5032 /* InstagramCloneWithParse.app */,
			);
			name = Products;
			sourceTree = "<group>";
		};
		5908089128D862C5008E5032 /* InstagramCloneWithParse */ = {
			isa = PBXGroup;
			children = (
				5908089228D862C5008E5032 /* AppDelegate.swift */,
				5908089428D862C5008E5032 /* SceneDelegate.swift */,
				59990B8328D8AE8200D70E34 /* SignInVC.swift */,
				5908089628D862C5008E5032 /* FeedVC.swift */,
				59990B8128D8AD3200D70E34 /* UploadVC.swift */,
				5908089828D862C5008E5032 /* Main.storyboard */,
				5908089B28D862C7008E5032 /* Assets.xcassets */,
				5908089D28D862C7008E5032 /* LaunchScreen.storyboard */,
				590808A028D862C7008E5032 /* Info.plist */,
			);
			path = InstagramCloneWithParse;
			sourceTree = "<group>";
		};
		EED665A736E2553C5F924D66 /* Frameworks */ = {
			isa = PBXGroup;
			children = (
				65B433D79AA5260E085F5B94 /* Pods_InstagramCloneWithParse.framework */,
			);
			name = Frameworks;
			sourceTree = "<group>";
		};
/* End PBXGroup section */

/* Begin PBXNativeTarget section */
		5908088E28D862C5008E5032 /* InstagramCloneWithParse */ = {
			isa = PBXNativeTarget;
			buildConfigurationList = 590808A328D862C7008E5032 /* Build configuration list for PBXNativeTarget "InstagramCloneWithParse" */;
			buildPhases = (
				94E5B2B8864E08CA5603F68E /* [CP] Check Pods Manifest.lock */,
				5908088B28D862C5008E5032 /* Sources */,
				5908088C28D862C5008E5032 /* Frameworks */,
				5908088D28D862C5008E5032 /* Resources */,
				0A9CBB34293936392DCD1596 /* [CP] Embed Pods Frameworks */,
			);
			buildRules = (
			);
			dependencies = (
			);
			name = InstagramCloneWithParse;
			productName = InstagramCloneWithParse;
			productReference = 5908088F28D862C5008E5032 /* InstagramCloneWithParse.app */;
			productType = "com.apple.product-type.application";
		};
/* End PBXNativeTarget section */

/* Begin PBXProject section */
		5908088728D862C5008E5032 /* Project object */ = {
			isa = PBXProject;
			attributes = {
				BuildIndependentTargetsInParallel = 1;
				LastSwiftUpdateCheck = 1400;
				LastUpgradeCheck = 1400;
				TargetAttributes = {
					5908088E28D862C5008E5032 = {
						CreatedOnToolsVersion = 14.0;
					};
				};
			};
			buildConfigurationList = 5908088A28D862C5008E5032 /* Build configuration list for PBXProject "InstagramCloneWithParse" */;
			compatibilityVersion = "Xcode 14.0";
			developmentRegion = en;
			hasScannedForEncodings = 0;
			knownRegions = (
				en,
				Base,
			);
			mainGroup = 5908088628D862C5008E5032;
			productRefGroup = 5908089028D862C5008E5032 /* Products */;
			projectDirPath = "";
			projectRoot = "";
			targets = (
				5908088E28D862C5008E5032 /* InstagramCloneWithParse */,
			);
		};
/* End PBXProject section */

/* Begin PBXResourcesBuildPhase section */
		5908088D28D862C5008E5032 /* Resources */ = {
			isa = PBXResourcesBuildPhase;
			buildActionMask = 2147483647;
			files = (
				5908089F28D862C7008E5032 /* LaunchScreen.storyboard in Resources */,
				5908089C28D862C7008E5032 /* Assets.xcassets in Resources */,
				5908089A28D862C5008E5032 /* Main.storyboard in Resources */,
			);
			runOnlyForDeploymentPostprocessing = 0;
		};
/* End PBXResourcesBuildPhase section */

/* Begin PBXShellScriptBuildPhase section */
		0A9CBB34293936392DCD1596 /* [CP] Embed Pods Frameworks */ = {
			isa = PBXShellScriptBuildPhase;
			buildActionMask = 2147483647;
			files = (
			);
			inputFileListPaths = (
				"${PODS_ROOT}/Target Support Files/Pods-InstagramCloneWithParse/Pods-InstagramCloneWithParse-frameworks-${CONFIGURATION}-input-files.xcfilelist",
			);
			name = "[CP] Embed Pods Frameworks";
			outputFileListPaths = (
				"${PODS_ROOT}/Target Support Files/Pods-InstagramCloneWithParse/Pods-InstagramCloneWithParse-frameworks-${CONFIGURATION}-output-files.xcfilelist",
			);
			runOnlyForDeploymentPostprocessing = 0;
			shellPath = /bin/sh;
			shellScript = "\"${PODS_ROOT}/Target Support Files/Pods-InstagramCloneWithParse/Pods-InstagramCloneWithParse-frameworks.sh\"\n";
			showEnvVarsInLog = 0;
		};
		94E5B2B8864E08CA5603F68E /* [CP] Check Pods Manifest.lock */ = {
			isa = PBXShellScriptBuildPhase;
			buildActionMask = 2147483647;
			files = (
			);
			inputFileListPaths = (
			);
			inputPaths = (
				"${PODS_PODFILE_DIR_PATH}/Podfile.lock",
				"${PODS_ROOT}/Manifest.lock",
			);
			name = "[CP] Check Pods Manifest.lock";
			outputFileListPaths = (
			);
			outputPaths = (
				"$(DERIVED_FILE_DIR)/Pods-InstagramCloneWithParse-checkManifestLockResult.txt",
			);
			runOnlyForDeploymentPostprocessing = 0;
			shellPath = /bin/sh;
			shellScript = "diff \"${PODS_PODFILE_DIR_PATH}/Podfile.lock\" \"${PODS_ROOT}/Manifest.lock\" > /dev/null\nif [ $? != 0 ] ; then\n    # print error to STDERR\n    echo \"error: The sandbox is not in sync with the Podfile.lock. Run 'pod install' or update your CocoaPods installation.\" >&2\n    exit 1\nfi\n# This output is used by Xcode 'outputs' to avoid re-running this script phase.\necho \"SUCCESS\" > \"${SCRIPT_OUTPUT_FILE_0}\"\n";
			showEnvVarsInLog = 0;
		};
/* End PBXShellScriptBuildPhase section */

/* Begin PBXSourcesBuildPhase section */
		5908088B28D862C5008E5032 /* Sources */ = {
			isa = PBXSourcesBuildPhase;
			buildActionMask = 2147483647;
			files = (
				59990B8228D8AD3200D70E34 /* UploadVC.swift in Sources */,
				5908089728D862C5008E5032 /* FeedVC.swift in Sources */,
				5908089328D862C5008E5032 /* AppDelegate.swift in Sources */,
				5908089528D862C5008E5032 /* SceneDelegate.swift in Sources */,
				59990B8428D8AE8200D70E34 /* SignInVC.swift in Sources */,
			);
			runOnlyForDeploymentPostprocessing = 0;
		};
/* End PBXSourcesBuildPhase section */

/* Begin PBXVariantGroup section */
		5908089828D862C5008E5032 /* Main.storyboard */ = {
			isa = PBXVariantGroup;
			children = (
				5908089928D862C5008E5032 /* Base */,
			);
			name = Main.storyboard;
			sourceTree = "<group>";
		};
		5908089D28D862C7008E5032 /* LaunchScreen.storyboard */ = {
			isa = PBXVariantGroup;
			children = (
				5908089E28D862C7008E5032 /* Base */,
			);
			name = LaunchScreen.storyboard;
			sourceTree = "<group>";
		};
/* End PBXVariantGroup section */

/* Begin XCBuildConfiguration section */
		590808A128D862C7008E5032 /* Debug */ = {
			isa = XCBuildConfiguration;
			buildSettings = {
				ALWAYS_SEARCH_USER_PATHS = NO;
				CLANG_ANALYZER_NONNULL = YES;
				CLANG_ANALYZER_NUMBER_OBJECT_CONVERSION = YES_AGGRESSIVE;
				CLANG_CXX_LANGUAGE_STANDARD = "gnu++20";
				CLANG_ENABLE_MODULES = YES;
				CLANG_ENABLE_OBJC_ARC = YES;
				CLANG_ENABLE_OBJC_WEAK = YES;
				CLANG_WARN_BLOCK_CAPTURE_AUTORELEASING = YES;
				CLANG_WARN_BOOL_CONVERSION = YES;
				CLANG_WARN_COMMA = YES;
				CLANG_WARN_CONSTANT_CONVERSION = YES;
				CLANG_WARN_DEPRECATED_OBJC_IMPLEMENTATIONS = YES;
				CLANG_WARN_DIRECT_OBJC_ISA_USAGE = YES_ERROR;
				CLANG_WARN_DOCUMENTATION_COMMENTS = YES;
				CLANG_WARN_EMPTY_BODY = YES;
				CLANG_WARN_ENUM_CONVERSION = YES;
				CLANG_WARN_INFINITE_RECURSION = YES;
				CLANG_WARN_INT_CONVERSION = YES;
				CLANG_WARN_NON_LITERAL_NULL_CONVERSION = YES;
				CLANG_WARN_OBJC_IMPLICIT_RETAIN_SELF = YES;
				CLANG_WARN_OBJC_LITERAL_CONVERSION = YES;
				CLANG_WARN_OBJC_ROOT_CLASS = YES_ERROR;
				CLANG_WARN_QUOTED_INCLUDE_IN_FRAMEWORK_HEADER = YES;
				CLANG_WARN_RANGE_LOOP_ANALYSIS = YES;
				CLANG_WARN_STRICT_PROTOTYPES = YES;
				CLANG_WARN_SUSPICIOUS_MOVE = YES;
				CLANG_WARN_UNGUARDED_AVAILABILITY = YES_AGGRESSIVE;
				CLANG_WARN_UNREACHABLE_CODE = YES;
				CLANG_WARN__DUPLICATE_METHOD_MATCH = YES;
				COPY_PHASE_STRIP = NO;
				DEBUG_INFORMATION_FORMAT = dwarf;
				ENABLE_STRICT_OBJC_MSGSEND = YES;
				ENABLE_TESTABILITY = YES;
				GCC_C_LANGUAGE_STANDARD = gnu11;
				GCC_DYNAMIC_NO_PIC = NO;
				GCC_NO_COMMON_BLOCKS = YES;
				GCC_OPTIMIZATION_LEVEL = 0;
				GCC_PREPROCESSOR_DEFINITIONS = (
					"DEBUG=1",
					"$(inherited)",
				);
				GCC_WARN_64_TO_32_BIT_CONVERSION = YES;
				GCC_WARN_ABOUT_RETURN_TYPE = YES_ERROR;
				GCC_WARN_UNDECLARED_SELECTOR = YES;
				GCC_WARN_UNINITIALIZED_AUTOS = YES_AGGRESSIVE;
				GCC_WARN_UNUSED_FUNCTION = YES;
				GCC_WARN_UNUSED_VARIABLE = YES;
				IPHONEOS_DEPLOYMENT_TARGET = 16.0;
				MTL_ENABLE_DEBUG_INFO = INCLUDE_SOURCE;
				MTL_FAST_MATH = YES;
				ONLY_ACTIVE_ARCH = YES;
				SDKROOT = iphoneos;
				SWIFT_ACTIVE_COMPILATION_CONDITIONS = DEBUG;
				SWIFT_OPTIMIZATION_LEVEL = "-Onone";
			};
			name = Debug;
		};
		590808A228D862C7008E5032 /* Release */ = {
			isa = XCBuildConfiguration;
			buildSettings = {
				ALWAYS_SEARCH_USER_PATHS = NO;
				CLANG_ANALYZER_NONNULL = YES;
				CLANG_ANALYZER_NUMBER_OBJECT_CONVERSION = YES_AGGRESSIVE;
				CLANG_CXX_LANGUAGE_STANDARD = "gnu++20";
				CLANG_ENABLE_MODULES = YES;
				CLANG_ENABLE_OBJC_ARC = YES;
				CLANG_ENABLE_OBJC_WEAK = YES;
				CLANG_WARN_BLOCK_CAPTURE_AUTORELEASING = YES;
				CLANG_WARN_BOOL_CONVERSION = YES;
				CLANG_WARN_COMMA = YES;
				CLANG_WARN_CONSTANT_CONVERSION = YES;
				CLANG_WARN_DEPRECATED_OBJC_IMPLEMENTATIONS = YES;
				CLANG_WARN_DIRECT_OBJC_ISA_USAGE = YES_ERROR;
				CLANG_WARN_DOCUMENTATION_COMMENTS = YES;
				CLANG_WARN_EMPTY_BODY = YES;
				CLANG_WARN_ENUM_CONVERSION = YES;
				CLANG_WARN_INFINITE_RECURSION = YES;
				CLANG_WARN_INT_CONVERSION = YES;
				CLANG_WARN_NON_LITERAL_NULL_CONVERSION = YES;
				CLANG_WARN_OBJC_IMPLICIT_RETAIN_SELF = YES;
				CLANG_WARN_OBJC_LITERAL_CONVERSION = YES;
				CLANG_WARN_OBJC_ROOT_CLASS = YES_ERROR;
				CLANG_WARN_QUOTED_INCLUDE_IN_FRAMEWORK_HEADER = YES;
				CLANG_WARN_RANGE_LOOP_ANALYSIS = YES;
				CLANG_WARN_STRICT_PROTOTYPES = YES;
				CLANG_WARN_SUSPICIOUS_MOVE = YES;
				CLANG_WARN_UNGUARDED_AVAILABILITY = YES_AGGRESSIVE;
				CLANG_WARN_UNREACHABLE_CODE = YES;
				CLANG_WARN__DUPLICATE_METHOD_MATCH = YES;
				COPY_PHASE_STRIP = NO;
				DEBUG_INFORMATION_FORMAT = "dwarf-with-dsym";
				ENABLE_NS_ASSERTIONS = NO;
				ENABLE_STRICT_OBJC_MSGSEND = YES;
				GCC_C_LANGUAGE_STANDARD = gnu11;
				GCC_NO_COMMON_BLOCKS = YES;
				GCC_WARN_64_TO_32_BIT_CONVERSION = YES;
				GCC_WARN_ABOUT_RETURN_TYPE = YES_ERROR;
				GCC_WARN_UNDECLARED_SELECTOR = YES;
				GCC_WARN_UNINITIALIZED_AUTOS = YES_AGGRESSIVE;
				GCC_WARN_UNUSED_FUNCTION = YES;
				GCC_WARN_UNUSED_VARIABLE = YES;
				IPHONEOS_DEPLOYMENT_TARGET = 16.0;
				MTL_ENABLE_DEBUG_INFO = NO;
				MTL_FAST_MATH = YES;
				SDKROOT = iphoneos;
				SWIFT_COMPILATION_MODE = wholemodule;
				SWIFT_OPTIMIZATION_LEVEL = "-O";
				VALIDATE_PRODUCT = YES;
			};
			name = Release;
		};
		590808A428D862C7008E5032 /* Debug */ = {
			isa = XCBuildConfiguration;
			baseConfigurationReference = 799F64D9371278F6BFDD803C /* Pods-InstagramCloneWithParse.debug.xcconfig */;
			buildSettings = {
				ASSETCATALOG_COMPILER_APPICON_NAME = AppIcon;
				ASSETCATALOG_COMPILER_GLOBAL_ACCENT_COLOR_NAME = AccentColor;
				CODE_SIGN_STYLE = Automatic;
				CURRENT_PROJECT_VERSION = 1;
				GENERATE_INFOPLIST_FILE = YES;
				INFOPLIST_FILE = InstagramCloneWithParse/Info.plist;
				INFOPLIST_KEY_UIApplicationSupportsIndirectInputEvents = YES;
				INFOPLIST_KEY_UILaunchStoryboardName = LaunchScreen;
				INFOPLIST_KEY_UIMainStoryboardFile = Main;
				INFOPLIST_KEY_UISupportedInterfaceOrientations_iPad = "UIInterfaceOrientationPortrait UIInterfaceOrientationPortraitUpsideDown UIInterfaceOrientationLandscapeLeft UIInterfaceOrientationLandscapeRight";
				INFOPLIST_KEY_UISupportedInterfaceOrientations_iPhone = "UIInterfaceOrientationPortrait UIInterfaceOrientationLandscapeLeft UIInterfaceOrientationLandscapeRight";
				LD_RUNPATH_SEARCH_PATHS = (
					"$(inherited)",
					"@executable_path/Frameworks",
				);
				MARKETING_VERSION = 1.0;
				PRODUCT_BUNDLE_IDENTIFIER = fzl.InstagramCloneWithParse;
				PRODUCT_NAME = "$(TARGET_NAME)";
				SWIFT_EMIT_LOC_STRINGS = YES;
				SWIFT_VERSION = 5.0;
				TARGETED_DEVICE_FAMILY = "1,2";
			};
			name = Debug;
		};
		590808A528D862C7008E5032 /* Release */ = {
			isa = XCBuildConfiguration;
			baseConfigurationReference = E9BE4B2E0E9990223A449FE2 /* Pods-InstagramCloneWithParse.release.xcconfig */;
			buildSettings = {
				ASSETCATALOG_COMPILER_APPICON_NAME = AppIcon;
				ASSETCATALOG_COMPILER_GLOBAL_ACCENT_COLOR_NAME = AccentColor;
				CODE_SIGN_STYLE = Automatic;
				CURRENT_PROJECT_VERSION = 1;
				GENERATE_INFOPLIST_FILE = YES;
				INFOPLIST_FILE = InstagramCloneWithParse/Info.plist;
				INFOPLIST_KEY_UIApplicationSupportsIndirectInputEvents = YES;
				INFOPLIST_KEY_UILaunchStoryboardName = LaunchScreen;
				INFOPLIST_KEY_UIMainStoryboardFile = Main;
				INFOPLIST_KEY_UISupportedInterfaceOrientations_iPad = "UIInterfaceOrientationPortrait UIInterfaceOrientationPortraitUpsideDown UIInterfaceOrientationLandscapeLeft UIInterfaceOrientationLandscapeRight";
				INFOPLIST_KEY_UISupportedInterfaceOrientations_iPhone = "UIInterfaceOrientationPortrait UIInterfaceOrientationLandscapeLeft UIInterfaceOrientationLandscapeRight";
				LD_RUNPATH_SEARCH_PATHS = (
					"$(inherited)",
					"@executable_path/Frameworks",
				);
				MARKETING_VERSION = 1.0;
				PRODUCT_BUNDLE_IDENTIFIER = fzl.InstagramCloneWithParse;
				PRODUCT_NAME = "$(TARGET_NAME)";
				SWIFT_EMIT_LOC_STRINGS = YES;
				SWIFT_VERSION = 5.0;
				TARGETED_DEVICE_FAMILY = "1,2";
			};
			name = Release;
		};
/* End XCBuildConfiguration section */

/* Begin XCConfigurationList section */
		5908088A28D862C5008E5032 /* Build configuration list for PBXProject "InstagramCloneWithParse" */ = {
			isa = XCConfigurationList;
			buildConfigurations = (
				590808A128D862C7008E5032 /* Debug */,
				590808A228D862C7008E5032 /* Release */,
			);
			defaultConfigurationIsVisible = 0;
			defaultConfigurationName = Release;
		};
		590808A328D862C7008E5032 /* Build configuration list for PBXNativeTarget "InstagramCloneWithParse" */ = {
			isa = XCConfigurationList;
			buildConfigurations = (
				590808A428D862C7008E5032 /* Debug */,
				590808A528D862C7008E5032 /* Release */,
			);
			defaultConfigurationIsVisible = 0;
			defaultConfigurationName = Release;
		};
/* End XCConfigurationList section */
	};
	rootObject = 5908088728D862C5008E5032 /* Project object */;
}
